<?xml version="1.0" encoding="utf-8"?>
<Project ToolsVersion="4.0" xmlns="http://schemas.microsoft.com/developer/msbuild/2003">
  <ItemGroup>
    <Filter Include="Source Files">
      <UniqueIdentifier>{4FC737F1-C7A5-4376-A066-2A32D752A2FF}</UniqueIdentifier>
      <Extensions>cpp;c;cc;cxx;c++;cppm;ixx;def;odl;idl;hpj;bat;asm;asmx</Extensions>
    </Filter>
    <Filter Include="Header Files">
      <UniqueIdentifier>{93995380-89BD-4b04-88EB-625FBE52EBFB}</UniqueIdentifier>
      <Extensions>h;hh;hpp;hxx;h++;hm;inl;inc;ipp;xsd</Extensions>
    </Filter>
    <Filter Include="Resource Files">
      <UniqueIdentifier>{67DA6AB6-F800-4c08-8B7A-83BB121AAD01}</UniqueIdentifier>
      <Extensions>rc;ico;cur;bmp;dlg;rc2;rct;bin;rgs;gif;jpg;jpeg;jpe;resx;tiff;tif;png;wav;mfcribbon-ms</Extensions>
    </Filter>
  </ItemGroup>
  <ItemGroup>
    <ClCompile Include="ClassroomCppVersion.cpp">
      <Filter>Source Files</Filter>
    </ClCompile>
    <ClCompile Include="Course.cpp">
      <Filter>Source Files</Filter>
    </ClCompile>
    <ClCompile Include="Attendance.cpp">
      <Filter>Source Files</Filter>
    </ClCompile>
    <ClCompile Include="User.cpp">
      <Filter>Source Files</Filter>
    </ClCompile>
    <ClCompile Include="LoginSystem.cpp">
      <Filter>Source Files</Filter>
    </ClCompile>
    <ClCompile Include="StateMachine.cpp">
      <Filter>Source Files</Filter>
    </ClCompile>
    <ClCompile Include="MainMenu.cpp">
      <Filter>Source Files</Filter>
    </ClCompile>
    <ClCompile Include="Program.cpp">
      <Filter>Source Files</Filter>
    </ClCompile>
    <ClCompile Include="Login.cpp">
      <Filter>Source Files</Filter>
    </ClCompile>
    <ClCompile Include="TeacherState.cpp">
      <Filter>Source Files</Filter>
    </ClCompile>
    <ClCompile Include="StudentState.cpp">
      <Filter>Source Files</Filter>
    </ClCompile>
    <ClCompile Include="PostState.cpp">
      <Filter>Source Files</Filter>
    </ClCompile>
    <ClCompile Include="ResultState.cpp">
      <Filter>Source Files</Filter>
    </ClCompile>
    <ClCompile Include="AttendanceState.cpp">
      <Filter>Source Files</Filter>
    </ClCompile>
    <ClCompile Include="AssignmentState.cpp">
      <Filter>Source Files</Filter>
    </ClCompile>
    <ClCompile Include="AddStudentState.cpp">
      <Filter>Source Files</Filter>
    </ClCompile>
    <ClCompile Include="LoginSystem2.cpp">
      <Filter>Source Files</Filter>
    </ClCompile>
  </ItemGroup>
  <ItemGroup>
    <ClInclude Include="User.h">
      <Filter>Header Files</Filter>
    </ClInclude>
    <ClInclude Include="Course.h">
      <Filter>Header Files</Filter>
    </ClInclude>
    <ClInclude Include="Result.h">
      <Filter>Header Files</Filter>
    </ClInclude>
    <ClInclude Include="ExamResult.h">
      <Filter>Header Files</Filter>
    </ClInclude>
    <ClInclude Include="CourseResult.h">
      <Filter>Header Files</Filter>
    </ClInclude>
    <ClInclude Include="Attendance.h">
      <Filter>Header Files</Filter>
    </ClInclude>
    <ClInclude Include="CourseMaterials.h">
      <Filter>Header Files</Filter>
    </ClInclude>
    <ClInclude Include="CourseOutline.h">
      <Filter>Header Files</Filter>
    </ClInclude>
    <ClInclude Include="LoginSystem.h">
      <Filter>Header Files</Filter>
    </ClInclude>
    <ClInclude Include="State.h">
      <Filter>Header Files</Filter>
    </ClInclude>
    <ClInclude Include="StateMachine.h">
      <Filter>Header Files</Filter>
    </ClInclude>
    <ClInclude Include="MainMenu.h">
      <Filter>Header Files</Filter>
    </ClInclude>
    <ClInclude Include="Program.h">
      <Filter>Header Files</Filter>
    </ClInclude>
    <ClInclude Include="Login.h">
      <Filter>Header Files</Filter>
    </ClInclude>
    <ClInclude Include="TeacherState.h">
      <Filter>Header Files</Filter>
    </ClInclude>
    <ClInclude Include="StudentState.h">
      <Filter>Header Files</Filter>
    </ClInclude>
    <ClInclude Include="PostState.h">
      <Filter>Header Files</Filter>
    </ClInclude>
    <ClInclude Include="AttendanceState.h">
      <Filter>Header Files</Filter>
    </ClInclude>
    <ClInclude Include="ResultState.h">
      <Filter>Header Files</Filter>
    </ClInclude>
    <ClInclude Include="AssignmentState.h">
      <Filter>Header Files</Filter>
    </ClInclude>
    <ClInclude Include="AddStudentState.h">
      <Filter>Header Files</Filter>
    </ClInclude>
  </ItemGroup>
</Project>